
Microsoft Visual Studio Solution File, Format Version 12.00
# Visual Studio 14
VisualStudioVersion = 14.0.25420.1
MinimumVisualStudioVersion = 10.0.40219.1
Project("{FAE04EC0-301F-11D3-BF4B-00C04F79EFBC}") = "Ytg.Service", "Ytg.Service\Ytg.Service.csproj", "{EB9F2980-CA48-4F96-9899-1489B79B3A3B}"
EndProject
Project("{FAE04EC0-301F-11D3-BF4B-00C04F79EFBC}") = "Ytg.Data", "Ytg.Data\Ytg.Data.csproj", "{3B1D2F30-ECB5-4ADD-BE9B-0AF09A0C69CD}"
EndProject
Project("{FAE04EC0-301F-11D3-BF4B-00C04F79EFBC}") = "Ytg.Core", "Ytg.Core\Ytg.Core.csproj", "{182DA640-E2E1-4C9E-9AC6-C751527BBF55}"
EndProject
Project("{FAE04EC0-301F-11D3-BF4B-00C04F79EFBC}") = "Ytg.Comm", "Ytg.Comm\Ytg.Comm.csproj", "{1BD42953-CBAB-4ABC-A40F-6462EA603A5A}"
EndProject
Project("{FAE04EC0-301F-11D3-BF4B-00C04F79EFBC}") = "Ytg.BasicModel", "Ytg.BasicModel\Ytg.BasicModel.csproj", "{656B3757-5A1A-4012-B1AB-7A27AE031D8E}"
EndProject
Project("{2150E333-8FDC-42A3-9474-1A3956D46DE8}") = "Basic", "Basic", "{D8CA455E-0B80-438E-B1AB-4D092CF43820}"
EndProject
Project("{2150E333-8FDC-42A3-9474-1A3956D46DE8}") = "DataRelated", "DataRelated", "{28010430-DD2B-40D0-98D1-AA2187DA99E1}"
EndProject
Project("{FAE04EC0-301F-11D3-BF4B-00C04F79EFBC}") = "Ytg.ServerWeb", "Ytg.Server\Ytg.ServerWeb.csproj", "{A863F361-7C85-48A4-BBC2-71B03CFA66EB}"
EndProject
Project("{2150E333-8FDC-42A3-9474-1A3956D46DE8}") = "Service", "Service", "{AF29626F-83B6-495D-AECF-44D6AB2F9C9E}"
EndProject
Project("{2150E333-8FDC-42A3-9474-1A3956D46DE8}") = "Client", "Client", "{5D698FF7-ACC3-401D-A441-333E8E82A57B}"
EndProject
Project("{FAE04EC0-301F-11D3-BF4B-00C04F79EFBC}") = "Ytg.Client.Play", "Ytg.Client.Play\Ytg.Client.Play.csproj", "{A7A32E70-B23A-4FC1-8B46-A0BBB1307AD6}"
EndProject
Project("{FAE04EC0-301F-11D3-BF4B-00C04F79EFBC}") = "Ytg.Client.Manager", "Ytg.Client.Manager\Ytg.Client.Manager.csproj", "{D9DB2862-CC1C-4D10-844F-64A523515EBD}"
EndProject
Project("{FAE04EC0-301F-11D3-BF4B-00C04F79EFBC}") = "Ytg.Client.Comm", "Ytg,.Client.Comm\Ytg.Client.Comm.csproj", "{16D00E9F-2D9A-4285-9167-5F936A9B573B}"
EndProject
Project("{FAE04EC0-301F-11D3-BF4B-00C04F79EFBC}") = "Ytg.Client.Proxy", "Ytg.Client.Proxy\Ytg.Client.Proxy.csproj", "{8651BF1D-BE83-47B5-B799-9833AFD75FF2}"
	ProjectSection(ProjectDependencies) = postProject
		{A863F361-7C85-48A4-BBC2-71B03CFA66EB} = {A863F361-7C85-48A4-BBC2-71B03CFA66EB}
	EndProjectSection
EndProject
Project("{2150E333-8FDC-42A3-9474-1A3956D46DE8}") = "Manager", "Manager", "{9B6E5DCB-1839-4AEF-972E-298476A9F5B0}"
EndProject
Project("{2150E333-8FDC-42A3-9474-1A3956D46DE8}") = "Play", "Play", "{57670939-0A3F-4902-9C67-A57C7A3C2818}"
EndProject
Project("{2150E333-8FDC-42A3-9474-1A3956D46DE8}") = "Items", "Items", "{51D26B8E-A03D-4B85-B7AC-C1BD14EF79EA}"
EndProject
Project("{FAE04EC0-301F-11D3-BF4B-00C04F79EFBC}") = "Ytg.Client.Play.ChongqinSSC", "Ytg.Client.Play.ChongqinSSC\Ytg.Client.Play.ChongqinSSC.csproj", "{2B033190-2254-4718-9B4D-CEDD9FE6F8F4}"
EndProject
Project("{FAE04EC0-301F-11D3-BF4B-00C04F79EFBC}") = "Ytg.Scheduler.Tasks", "Ytg.Scheduler.Tasks\Ytg.Scheduler.Tasks.csproj", "{859C3664-0400-42EE-B3D8-87718D7FC4B0}"
EndProject
Project("{2150E333-8FDC-42A3-9474-1A3956D46DE8}") = "windowsService", "windowsService", "{EE96A759-49AC-47F9-B31F-8A58A9157A0F}"
	ProjectSection(SolutionItems) = preProject
		Ytg.Server\Content\Banner\banner.min.css = Ytg.Server\Content\Banner\banner.min.css
	EndProjectSection
EndProject
Project("{FAE04EC0-301F-11D3-BF4B-00C04F79EFBC}") = "Ytg.Scheduler.Comm", "Ytg.Scheduler.Comm\Ytg.Scheduler.Comm.csproj", "{CDE5ACC3-08EA-4171-96E7-B99B67F6E5D7}"
EndProject
Project("{FAE04EC0-301F-11D3-BF4B-00C04F79EFBC}") = "Ytg.Scheduler.Service", "Ytg.Scheduler.Service\Ytg.Scheduler.Service.csproj", "{5ABE3B4F-B6FC-4CEC-BAA4-5E0305F364DD}"
EndProject
Project("{2150E333-8FDC-42A3-9474-1A3956D46DE8}") = "Chart", "Chart", "{78CDBF45-17BA-4DFD-8BFD-26BB02F3CA66}"
	ProjectSection(SolutionItems) = preProject
		readme.txt = readme.txt
	EndProjectSection
EndProject
Project("{FAE04EC0-301F-11D3-BF4B-00C04F79EFBC}") = "Ytg.Chart.Server", "Ytg.Chart.Server\Ytg.Chart.Server.csproj", "{A9322BE9-AB1E-4F8F-BA01-EA3DFB2DB1E2}"
EndProject
Project("{2150E333-8FDC-42A3-9474-1A3956D46DE8}") = "Server", "Server", "{E54238D1-039C-4A36-AE2A-566C0034B7B8}"
EndProject
Project("{FAE04EC0-301F-11D3-BF4B-00C04F79EFBC}") = "Ytg.Chart.Comm", "Ytg.Chart.Comm\Ytg.Chart.Comm.csproj", "{3A0203C2-7132-4DA6-A342-070FA08CCA33}"
EndProject
Project("{FAE04EC0-301F-11D3-BF4B-00C04F79EFBC}") = "Ytg.Chart.Client", "Ytg.Chart.Client\Ytg.Chart.Client.csproj", "{6CEF46CB-69C8-456B-AD07-1FB2AF348923}"
EndProject
Project("{FAE04EC0-301F-11D3-BF4B-00C04F79EFBC}") = "Ytg.Chart.Client.Inteface", "Ytg.Chart.Client.Inteface\Ytg.Chart.Client.Inteface.csproj", "{0B155699-5F26-4E70-AB75-57B5B8E8484F}"
EndProject
Project("{FAE04EC0-301F-11D3-BF4B-00C04F79EFBC}") = "Ytg.Client.Run", "Ytg.Client.Run\Ytg.Client.Run.csproj", "{AD80C1C4-DEBE-4689-8CE5-2E88CBAB6B8F}"
EndProject
Project("{2150E333-8FDC-42A3-9474-1A3956D46DE8}") = "Helper", "Helper", "{450B77E6-45FA-41FB-B87B-AC95320F9716}"
EndProject
Project("{FAE04EC0-301F-11D3-BF4B-00C04F79EFBC}") = "Ytg.Client.Resources", "Ytg.Client.Resources\Ytg.Client.Resources.csproj", "{2A541891-78A9-4C68-BA5C-96C4ECE737CF}"
EndProject
Project("{2150E333-8FDC-42A3-9474-1A3956D46DE8}") = "Manager", "Manager", "{5EB9D1F4-6F20-4669-82D0-45568D1126DD}"
EndProject
Project("{FAE04EC0-301F-11D3-BF4B-00C04F79EFBC}") = "Utg.ServerWeb.Admin", "Utg.ServerWeb.Admin\Utg.ServerWeb.Admin.csproj", "{2C3EFB4D-DFAE-4D65-A9B2-06F90F5A300C}"
EndProject
Project("{FAE04EC0-301F-11D3-BF4B-00C04F79EFBC}") = "WpfClient", "WpfClient\WpfClient.csproj", "{4AB65F11-D49B-4A29-BF2B-A3900E86C7DA}"
EndProject
Project("{2150E333-8FDC-42A3-9474-1A3956D46DE8}") = "Verification", "Verification", "{808F676F-C6AA-4D82-9778-4C14F0FA02ED}"
EndProject
Project("{FAE04EC0-301F-11D3-BF4B-00C04F79EFBC}") = "Dns", "Dns\Dns.csproj", "{08761E68-103F-46EB-AF43-64E83588688E}"
EndProject
Global
	GlobalSection(SolutionConfigurationPlatforms) = preSolution
		Debug|Any CPU = Debug|Any CPU
		Release|Any CPU = Release|Any CPU
	EndGlobalSection
	GlobalSection(ProjectConfigurationPlatforms) = postSolution
		{EB9F2980-CA48-4F96-9899-1489B79B3A3B}.Debug|Any CPU.ActiveCfg = Debug|Any CPU
		{EB9F2980-CA48-4F96-9899-1489B79B3A3B}.Debug|Any CPU.Build.0 = Debug|Any CPU
		{EB9F2980-CA48-4F96-9899-1489B79B3A3B}.Release|Any CPU.ActiveCfg = Release|Any CPU
		{EB9F2980-CA48-4F96-9899-1489B79B3A3B}.Release|Any CPU.Build.0 = Release|Any CPU
		{3B1D2F30-ECB5-4ADD-BE9B-0AF09A0C69CD}.Debug|Any CPU.ActiveCfg = Debug|Any CPU
		{3B1D2F30-ECB5-4ADD-BE9B-0AF09A0C69CD}.Debug|Any CPU.Build.0 = Debug|Any CPU
		{3B1D2F30-ECB5-4ADD-BE9B-0AF09A0C69CD}.Release|Any CPU.ActiveCfg = Release|Any CPU
		{3B1D2F30-ECB5-4ADD-BE9B-0AF09A0C69CD}.Release|Any CPU.Build.0 = Release|Any CPU
		{182DA640-E2E1-4C9E-9AC6-C751527BBF55}.Debug|Any CPU.ActiveCfg = Debug|Any CPU
		{182DA640-E2E1-4C9E-9AC6-C751527BBF55}.Debug|Any CPU.Build.0 = Debug|Any CPU
		{182DA640-E2E1-4C9E-9AC6-C751527BBF55}.Release|Any CPU.ActiveCfg = Release|Any CPU
		{182DA640-E2E1-4C9E-9AC6-C751527BBF55}.Release|Any CPU.Build.0 = Release|Any CPU
		{1BD42953-CBAB-4ABC-A40F-6462EA603A5A}.Debug|Any CPU.ActiveCfg = Debug|Any CPU
		{1BD42953-CBAB-4ABC-A40F-6462EA603A5A}.Debug|Any CPU.Build.0 = Debug|Any CPU
		{1BD42953-CBAB-4ABC-A40F-6462EA603A5A}.Release|Any CPU.ActiveCfg = Release|Any CPU
		{1BD42953-CBAB-4ABC-A40F-6462EA603A5A}.Release|Any CPU.Build.0 = Release|Any CPU
		{656B3757-5A1A-4012-B1AB-7A27AE031D8E}.Debug|Any CPU.ActiveCfg = Debug|Any CPU
		{656B3757-5A1A-4012-B1AB-7A27AE031D8E}.Debug|Any CPU.Build.0 = Debug|Any CPU
		{656B3757-5A1A-4012-B1AB-7A27AE031D8E}.Release|Any CPU.ActiveCfg = Release|Any CPU
		{656B3757-5A1A-4012-B1AB-7A27AE031D8E}.Release|Any CPU.Build.0 = Release|Any CPU
		{A863F361-7C85-48A4-BBC2-71B03CFA66EB}.Debug|Any CPU.ActiveCfg = Debug|Any CPU
		{A863F361-7C85-48A4-BBC2-71B03CFA66EB}.Debug|Any CPU.Build.0 = Debug|Any CPU
		{A863F361-7C85-48A4-BBC2-71B03CFA66EB}.Release|Any CPU.ActiveCfg = Release|Any CPU
		{A863F361-7C85-48A4-BBC2-71B03CFA66EB}.Release|Any CPU.Build.0 = Release|Any CPU
		{A7A32E70-B23A-4FC1-8B46-A0BBB1307AD6}.Debug|Any CPU.ActiveCfg = Debug|Any CPU
		{A7A32E70-B23A-4FC1-8B46-A0BBB1307AD6}.Debug|Any CPU.Build.0 = Debug|Any CPU
		{A7A32E70-B23A-4FC1-8B46-A0BBB1307AD6}.Release|Any CPU.ActiveCfg = Release|Any CPU
		{A7A32E70-B23A-4FC1-8B46-A0BBB1307AD6}.Release|Any CPU.Build.0 = Release|Any CPU
		{D9DB2862-CC1C-4D10-844F-64A523515EBD}.Debug|Any CPU.ActiveCfg = Debug|Any CPU
		{D9DB2862-CC1C-4D10-844F-64A523515EBD}.Debug|Any CPU.Build.0 = Debug|Any CPU
		{D9DB2862-CC1C-4D10-844F-64A523515EBD}.Release|Any CPU.ActiveCfg = Release|Any CPU
		{D9DB2862-CC1C-4D10-844F-64A523515EBD}.Release|Any CPU.Build.0 = Release|Any CPU
		{16D00E9F-2D9A-4285-9167-5F936A9B573B}.Debug|Any CPU.ActiveCfg = Debug|Any CPU
		{16D00E9F-2D9A-4285-9167-5F936A9B573B}.Debug|Any CPU.Build.0 = Debug|Any CPU
		{16D00E9F-2D9A-4285-9167-5F936A9B573B}.Release|Any CPU.ActiveCfg = Release|Any CPU
		{16D00E9F-2D9A-4285-9167-5F936A9B573B}.Release|Any CPU.Build.0 = Release|Any CPU
		{8651BF1D-BE83-47B5-B799-9833AFD75FF2}.Debug|Any CPU.ActiveCfg = Debug|Any CPU
		{8651BF1D-BE83-47B5-B799-9833AFD75FF2}.Debug|Any CPU.Build.0 = Debug|Any CPU
		{8651BF1D-BE83-47B5-B799-9833AFD75FF2}.Release|Any CPU.ActiveCfg = Release|Any CPU
		{8651BF1D-BE83-47B5-B799-9833AFD75FF2}.Release|Any CPU.Build.0 = Release|Any CPU
		{2B033190-2254-4718-9B4D-CEDD9FE6F8F4}.Debug|Any CPU.ActiveCfg = Debug|Any CPU
		{2B033190-2254-4718-9B4D-CEDD9FE6F8F4}.Debug|Any CPU.Build.0 = Debug|Any CPU
		{2B033190-2254-4718-9B4D-CEDD9FE6F8F4}.Release|Any CPU.ActiveCfg = Release|Any CPU
		{2B033190-2254-4718-9B4D-CEDD9FE6F8F4}.Release|Any CPU.Build.0 = Release|Any CPU
		{859C3664-0400-42EE-B3D8-87718D7FC4B0}.Debug|Any CPU.ActiveCfg = Debug|Any CPU
		{859C3664-0400-42EE-B3D8-87718D7FC4B0}.Debug|Any CPU.Build.0 = Debug|Any CPU
		{859C3664-0400-42EE-B3D8-87718D7FC4B0}.Release|Any CPU.ActiveCfg = Release|Any CPU
		{859C3664-0400-42EE-B3D8-87718D7FC4B0}.Release|Any CPU.Build.0 = Release|Any CPU
		{CDE5ACC3-08EA-4171-96E7-B99B67F6E5D7}.Debug|Any CPU.ActiveCfg = Debug|Any CPU
		{CDE5ACC3-08EA-4171-96E7-B99B67F6E5D7}.Debug|Any CPU.Build.0 = Debug|Any CPU
		{CDE5ACC3-08EA-4171-96E7-B99B67F6E5D7}.Release|Any CPU.ActiveCfg = Release|Any CPU
		{CDE5ACC3-08EA-4171-96E7-B99B67F6E5D7}.Release|Any CPU.Build.0 = Release|Any CPU
		{5ABE3B4F-B6FC-4CEC-BAA4-5E0305F364DD}.Debug|Any CPU.ActiveCfg = Debug|Any CPU
		{5ABE3B4F-B6FC-4CEC-BAA4-5E0305F364DD}.Debug|Any CPU.Build.0 = Debug|Any CPU
		{5ABE3B4F-B6FC-4CEC-BAA4-5E0305F364DD}.Release|Any CPU.ActiveCfg = Release|Any CPU
		{5ABE3B4F-B6FC-4CEC-BAA4-5E0305F364DD}.Release|Any CPU.Build.0 = Release|Any CPU
		{A9322BE9-AB1E-4F8F-BA01-EA3DFB2DB1E2}.Debug|Any CPU.ActiveCfg = Debug|Any CPU
		{A9322BE9-AB1E-4F8F-BA01-EA3DFB2DB1E2}.Debug|Any CPU.Build.0 = Debug|Any CPU
		{A9322BE9-AB1E-4F8F-BA01-EA3DFB2DB1E2}.Release|Any CPU.ActiveCfg = Release|Any CPU
		{A9322BE9-AB1E-4F8F-BA01-EA3DFB2DB1E2}.Release|Any CPU.Build.0 = Release|Any CPU
		{3A0203C2-7132-4DA6-A342-070FA08CCA33}.Debug|Any CPU.ActiveCfg = Debug|Any CPU
		{3A0203C2-7132-4DA6-A342-070FA08CCA33}.Debug|Any CPU.Build.0 = Debug|Any CPU
		{3A0203C2-7132-4DA6-A342-070FA08CCA33}.Release|Any CPU.ActiveCfg = Release|Any CPU
		{3A0203C2-7132-4DA6-A342-070FA08CCA33}.Release|Any CPU.Build.0 = Release|Any CPU
		{6CEF46CB-69C8-456B-AD07-1FB2AF348923}.Debug|Any CPU.ActiveCfg = Debug|Any CPU
		{6CEF46CB-69C8-456B-AD07-1FB2AF348923}.Debug|Any CPU.Build.0 = Debug|Any CPU
		{6CEF46CB-69C8-456B-AD07-1FB2AF348923}.Release|Any CPU.ActiveCfg = Release|Any CPU
		{6CEF46CB-69C8-456B-AD07-1FB2AF348923}.Release|Any CPU.Build.0 = Release|Any CPU
		{0B155699-5F26-4E70-AB75-57B5B8E8484F}.Debug|Any CPU.ActiveCfg = Debug|Any CPU
		{0B155699-5F26-4E70-AB75-57B5B8E8484F}.Debug|Any CPU.Build.0 = Debug|Any CPU
		{0B155699-5F26-4E70-AB75-57B5B8E8484F}.Release|Any CPU.ActiveCfg = Release|Any CPU
		{0B155699-5F26-4E70-AB75-57B5B8E8484F}.Release|Any CPU.Build.0 = Release|Any CPU
		{AD80C1C4-DEBE-4689-8CE5-2E88CBAB6B8F}.Debug|Any CPU.ActiveCfg = Debug|Any CPU
		{AD80C1C4-DEBE-4689-8CE5-2E88CBAB6B8F}.Debug|Any CPU.Build.0 = Debug|Any CPU
		{AD80C1C4-DEBE-4689-8CE5-2E88CBAB6B8F}.Release|Any CPU.ActiveCfg = Release|Any CPU
		{AD80C1C4-DEBE-4689-8CE5-2E88CBAB6B8F}.Release|Any CPU.Build.0 = Release|Any CPU
		{2A541891-78A9-4C68-BA5C-96C4ECE737CF}.Debug|Any CPU.ActiveCfg = Debug|Any CPU
		{2A541891-78A9-4C68-BA5C-96C4ECE737CF}.Debug|Any CPU.Build.0 = Debug|Any CPU
		{2A541891-78A9-4C68-BA5C-96C4ECE737CF}.Release|Any CPU.ActiveCfg = Release|Any CPU
		{2A541891-78A9-4C68-BA5C-96C4ECE737CF}.Release|Any CPU.Build.0 = Release|Any CPU
		{2C3EFB4D-DFAE-4D65-A9B2-06F90F5A300C}.Debug|Any CPU.ActiveCfg = Debug|Any CPU
		{2C3EFB4D-DFAE-4D65-A9B2-06F90F5A300C}.Debug|Any CPU.Build.0 = Debug|Any CPU
		{2C3EFB4D-DFAE-4D65-A9B2-06F90F5A300C}.Release|Any CPU.ActiveCfg = Release|Any CPU
		{2C3EFB4D-DFAE-4D65-A9B2-06F90F5A300C}.Release|Any CPU.Build.0 = Release|Any CPU
		{4AB65F11-D49B-4A29-BF2B-A3900E86C7DA}.Debug|Any CPU.ActiveCfg = Debug|Any CPU
		{4AB65F11-D49B-4A29-BF2B-A3900E86C7DA}.Debug|Any CPU.Build.0 = Debug|Any CPU
		{4AB65F11-D49B-4A29-BF2B-A3900E86C7DA}.Release|Any CPU.ActiveCfg = Release|Any CPU
		{4AB65F11-D49B-4A29-BF2B-A3900E86C7DA}.Release|Any CPU.Build.0 = Release|Any CPU
		{08761E68-103F-46EB-AF43-64E83588688E}.Debug|Any CPU.ActiveCfg = Debug|Any CPU
		{08761E68-103F-46EB-AF43-64E83588688E}.Debug|Any CPU.Build.0 = Debug|Any CPU
		{08761E68-103F-46EB-AF43-64E83588688E}.Release|Any CPU.ActiveCfg = Release|Any CPU
		{08761E68-103F-46EB-AF43-64E83588688E}.Release|Any CPU.Build.0 = Release|Any CPU
	EndGlobalSection
	GlobalSection(SolutionProperties) = preSolution
		HideSolutionNode = FALSE
	EndGlobalSection
	GlobalSection(NestedProjects) = preSolution
		{EB9F2980-CA48-4F96-9899-1489B79B3A3B} = {28010430-DD2B-40D0-98D1-AA2187DA99E1}
		{3B1D2F30-ECB5-4ADD-BE9B-0AF09A0C69CD} = {28010430-DD2B-40D0-98D1-AA2187DA99E1}
		{182DA640-E2E1-4C9E-9AC6-C751527BBF55} = {28010430-DD2B-40D0-98D1-AA2187DA99E1}
		{1BD42953-CBAB-4ABC-A40F-6462EA603A5A} = {AF29626F-83B6-495D-AECF-44D6AB2F9C9E}
		{656B3757-5A1A-4012-B1AB-7A27AE031D8E} = {D8CA455E-0B80-438E-B1AB-4D092CF43820}
		{D8CA455E-0B80-438E-B1AB-4D092CF43820} = {AF29626F-83B6-495D-AECF-44D6AB2F9C9E}
		{28010430-DD2B-40D0-98D1-AA2187DA99E1} = {AF29626F-83B6-495D-AECF-44D6AB2F9C9E}
		{A863F361-7C85-48A4-BBC2-71B03CFA66EB} = {AF29626F-83B6-495D-AECF-44D6AB2F9C9E}
		{A7A32E70-B23A-4FC1-8B46-A0BBB1307AD6} = {57670939-0A3F-4902-9C67-A57C7A3C2818}
		{D9DB2862-CC1C-4D10-844F-64A523515EBD} = {9B6E5DCB-1839-4AEF-972E-298476A9F5B0}
		{16D00E9F-2D9A-4285-9167-5F936A9B573B} = {5D698FF7-ACC3-401D-A441-333E8E82A57B}
		{8651BF1D-BE83-47B5-B799-9833AFD75FF2} = {9B6E5DCB-1839-4AEF-972E-298476A9F5B0}
		{9B6E5DCB-1839-4AEF-972E-298476A9F5B0} = {5D698FF7-ACC3-401D-A441-333E8E82A57B}
		{57670939-0A3F-4902-9C67-A57C7A3C2818} = {5D698FF7-ACC3-401D-A441-333E8E82A57B}
		{51D26B8E-A03D-4B85-B7AC-C1BD14EF79EA} = {57670939-0A3F-4902-9C67-A57C7A3C2818}
		{2B033190-2254-4718-9B4D-CEDD9FE6F8F4} = {51D26B8E-A03D-4B85-B7AC-C1BD14EF79EA}
		{859C3664-0400-42EE-B3D8-87718D7FC4B0} = {EE96A759-49AC-47F9-B31F-8A58A9157A0F}
		{EE96A759-49AC-47F9-B31F-8A58A9157A0F} = {AF29626F-83B6-495D-AECF-44D6AB2F9C9E}
		{CDE5ACC3-08EA-4171-96E7-B99B67F6E5D7} = {EE96A759-49AC-47F9-B31F-8A58A9157A0F}
		{5ABE3B4F-B6FC-4CEC-BAA4-5E0305F364DD} = {EE96A759-49AC-47F9-B31F-8A58A9157A0F}
		{A9322BE9-AB1E-4F8F-BA01-EA3DFB2DB1E2} = {E54238D1-039C-4A36-AE2A-566C0034B7B8}
		{E54238D1-039C-4A36-AE2A-566C0034B7B8} = {78CDBF45-17BA-4DFD-8BFD-26BB02F3CA66}
		{3A0203C2-7132-4DA6-A342-070FA08CCA33} = {E54238D1-039C-4A36-AE2A-566C0034B7B8}
		{6CEF46CB-69C8-456B-AD07-1FB2AF348923} = {78CDBF45-17BA-4DFD-8BFD-26BB02F3CA66}
		{0B155699-5F26-4E70-AB75-57B5B8E8484F} = {78CDBF45-17BA-4DFD-8BFD-26BB02F3CA66}
		{AD80C1C4-DEBE-4689-8CE5-2E88CBAB6B8F} = {57670939-0A3F-4902-9C67-A57C7A3C2818}
		{450B77E6-45FA-41FB-B87B-AC95320F9716} = {5D698FF7-ACC3-401D-A441-333E8E82A57B}
		{2A541891-78A9-4C68-BA5C-96C4ECE737CF} = {450B77E6-45FA-41FB-B87B-AC95320F9716}
		{5EB9D1F4-6F20-4669-82D0-45568D1126DD} = {AF29626F-83B6-495D-AECF-44D6AB2F9C9E}
		{2C3EFB4D-DFAE-4D65-A9B2-06F90F5A300C} = {5EB9D1F4-6F20-4669-82D0-45568D1126DD}
		{4AB65F11-D49B-4A29-BF2B-A3900E86C7DA} = {57670939-0A3F-4902-9C67-A57C7A3C2818}
		{808F676F-C6AA-4D82-9778-4C14F0FA02ED} = {AF29626F-83B6-495D-AECF-44D6AB2F9C9E}
		{08761E68-103F-46EB-AF43-64E83588688E} = {808F676F-C6AA-4D82-9778-4C14F0FA02ED}
	EndGlobalSection
EndGlobal
